
Microsoft Visual Studio Solution File, Format Version 12.00
# Visual Studio Version 17
VisualStudioVersion = 17.13.35919.96 d17.13
MinimumVisualStudioVersion = 10.0.40219.1
Project("{FAE04EC0-301F-11D3-BF4B-00C04F79EFBC}") = "callzaluskbidi", "callzaluskbidi\callzaluskbidi.csproj", "{3A1B305D-C044-43B1-998E-C6D4B2F7FE62}"
EndProject
Global
	GlobalSection(SolutionConfigurationPlatforms) = preSolution
		Debug|Any CPU = Debug|Any CPU
		Release|Any CPU = Release|Any CPU
	EndGlobalSection
	GlobalSection(ProjectConfigurationPlatforms) = postSolution
		{3A1B305D-C044-43B1-998E-C6D4B2F7FE62}.Debug|Any CPU.ActiveCfg = Debug|Any CPU
		{3A1B305D-C044-43B1-998E-C6D4B2F7FE62}.Debug|Any CPU.Build.0 = Debug|Any CPU
		{3A1B305D-C044-43B1-998E-C6D4B2F7FE62}.Release|Any CPU.ActiveCfg = Release|Any CPU
		{3A1B305D-C044-43B1-998E-C6D4B2F7FE62}.Release|Any CPU.Build.0 = Release|Any CPU
	EndGlobalSection
	GlobalSection(SolutionProperties) = preSolution
		HideSolutionNode = FALSE
	EndGlobalSection
	GlobalSection(ExtensibilityGlobals) = postSolution
		SolutionGuid = {6966043C-F2BD-4D2A-8D1A-EAAA6DBF6800}
	EndGlobalSection
EndGlobal
