
Microsoft Visual Studio Solution File, Format Version 12.00
# Visual Studio Version 17
VisualStudioVersion = 17.5.2.0
MinimumVisualStudioVersion = 10.0.40219.1
Project("{FAE04EC0-301F-11D3-BF4B-00C04F79EFBC}") = "3Mess", "3Mess\3Mess.csproj", "{357239AC-6B44-4996-A238-DCA074C5F711}"
EndProject
Project("{FAE04EC0-301F-11D3-BF4B-00C04F79EFBC}") = "MessagingApp.Core", "MessagingApp.Core\MessagingApp.Core.csproj", "{FEB9759F-1463-4EC8-A187-DD6F63DB8E22}"
EndProject
Global
	GlobalSection(SolutionConfigurationPlatforms) = preSolution
		Debug|Any CPU = Debug|Any CPU
		Debug|x64 = Debug|x64
		Debug|x86 = Debug|x86
		Release|Any CPU = Release|Any CPU
		Release|x64 = Release|x64
		Release|x86 = Release|x86
	EndGlobalSection
	GlobalSection(ProjectConfigurationPlatforms) = postSolution
		{357239AC-6B44-4996-A238-DCA074C5F711}.Debug|Any CPU.ActiveCfg = Debug|Any CPU
		{357239AC-6B44-4996-A238-DCA074C5F711}.Debug|Any CPU.Build.0 = Debug|Any CPU
		{357239AC-6B44-4996-A238-DCA074C5F711}.Debug|x64.ActiveCfg = Debug|Any CPU
		{357239AC-6B44-4996-A238-DCA074C5F711}.Debug|x64.Build.0 = Debug|Any CPU
		{357239AC-6B44-4996-A238-DCA074C5F711}.Debug|x86.ActiveCfg = Debug|Any CPU
		{357239AC-6B44-4996-A238-DCA074C5F711}.Debug|x86.Build.0 = Debug|Any CPU
		{357239AC-6B44-4996-A238-DCA074C5F711}.Release|Any CPU.ActiveCfg = Release|Any CPU
		{357239AC-6B44-4996-A238-DCA074C5F711}.Release|Any CPU.Build.0 = Release|Any CPU
		{357239AC-6B44-4996-A238-DCA074C5F711}.Release|x64.ActiveCfg = Release|Any CPU
		{357239AC-6B44-4996-A238-DCA074C5F711}.Release|x64.Build.0 = Release|Any CPU
		{357239AC-6B44-4996-A238-DCA074C5F711}.Release|x86.ActiveCfg = Release|Any CPU
		{357239AC-6B44-4996-A238-DCA074C5F711}.Release|x86.Build.0 = Release|Any CPU
		{FEB9759F-1463-4EC8-A187-DD6F63DB8E22}.Debug|Any CPU.ActiveCfg = Debug|Any CPU
		{FEB9759F-1463-4EC8-A187-DD6F63DB8E22}.Debug|Any CPU.Build.0 = Debug|Any CPU
		{FEB9759F-1463-4EC8-A187-DD6F63DB8E22}.Debug|x64.ActiveCfg = Debug|Any CPU
		{FEB9759F-1463-4EC8-A187-DD6F63DB8E22}.Debug|x64.Build.0 = Debug|Any CPU
		{FEB9759F-1463-4EC8-A187-DD6F63DB8E22}.Debug|x86.ActiveCfg = Debug|Any CPU
		{FEB9759F-1463-4EC8-A187-DD6F63DB8E22}.Debug|x86.Build.0 = Debug|Any CPU
		{FEB9759F-1463-4EC8-A187-DD6F63DB8E22}.Release|Any CPU.ActiveCfg = Release|Any CPU
		{FEB9759F-1463-4EC8-A187-DD6F63DB8E22}.Release|Any CPU.Build.0 = Release|Any CPU
		{FEB9759F-1463-4EC8-A187-DD6F63DB8E22}.Release|x64.ActiveCfg = Release|Any CPU
		{FEB9759F-1463-4EC8-A187-DD6F63DB8E22}.Release|x64.Build.0 = Release|Any CPU
		{FEB9759F-1463-4EC8-A187-DD6F63DB8E22}.Release|x86.ActiveCfg = Release|Any CPU
		{FEB9759F-1463-4EC8-A187-DD6F63DB8E22}.Release|x86.Build.0 = Release|Any CPU
	EndGlobalSection
	GlobalSection(SolutionProperties) = preSolution
		HideSolutionNode = FALSE
	EndGlobalSection
	GlobalSection(ExtensibilityGlobals) = postSolution
		SolutionGuid = {DE3490F8-86DA-489F-B4C5-43067A0896B5}
	EndGlobalSection
EndGlobal
